
Microsoft Visual Studio Solution File, Format Version 12.00
Project("{2150E333-8FDC-42A3-9474-1A3956D46DE8}") = "common", "common", "{F73E19AA-20F0-49CF-843C-2A26F471BB2B}"
	ProjectSection(SolutionItems) = preProject
		README.md = README.md
		.gitignore = .gitignore
		docker-compose.yaml = docker-compose.yaml
	EndProjectSection
EndProject
Project("{2150E333-8FDC-42A3-9474-1A3956D46DE8}") = "src", "src", "{24800738-A775-4EF7-84E0-2B8D4DFE0143}"
EndProject
Project("{FAE04EC0-301F-11D3-BF4B-00C04F79EFBC}") = "MoinBackend.Domain", "src\MoinBackend.Domain\MoinBackend.Domain.csproj", "{EE2C60D1-2D4E-429F-BCF9-7C0423D05F69}"
EndProject
Project("{FAE04EC0-301F-11D3-BF4B-00C04F79EFBC}") = "MoinBackend", "src\MoinBackend\MoinBackend.csproj", "{4C63184F-A9F2-41EA-A277-63E9B90B3092}"
EndProject
Project("{FAE04EC0-301F-11D3-BF4B-00C04F79EFBC}") = "MoinBackend.DbInfrastructure", "src\MoinBackend.DbInfrastructure\MoinBackend.DbInfrastructure.csproj", "{99B094A2-6D60-4E13-8610-1800308361A7}"
EndProject
Global
	GlobalSection(SolutionConfigurationPlatforms) = preSolution
		Debug|Any CPU = Debug|Any CPU
		Release|Any CPU = Release|Any CPU
	EndGlobalSection
	GlobalSection(NestedProjects) = preSolution
		{EE2C60D1-2D4E-429F-BCF9-7C0423D05F69} = {24800738-A775-4EF7-84E0-2B8D4DFE0143}
		{4C63184F-A9F2-41EA-A277-63E9B90B3092} = {24800738-A775-4EF7-84E0-2B8D4DFE0143}
		{99B094A2-6D60-4E13-8610-1800308361A7} = {24800738-A775-4EF7-84E0-2B8D4DFE0143}
	EndGlobalSection
	GlobalSection(ProjectConfigurationPlatforms) = postSolution
		{EE2C60D1-2D4E-429F-BCF9-7C0423D05F69}.Debug|Any CPU.ActiveCfg = Debug|Any CPU
		{EE2C60D1-2D4E-429F-BCF9-7C0423D05F69}.Debug|Any CPU.Build.0 = Debug|Any CPU
		{EE2C60D1-2D4E-429F-BCF9-7C0423D05F69}.Release|Any CPU.ActiveCfg = Release|Any CPU
		{EE2C60D1-2D4E-429F-BCF9-7C0423D05F69}.Release|Any CPU.Build.0 = Release|Any CPU
		{4C63184F-A9F2-41EA-A277-63E9B90B3092}.Debug|Any CPU.ActiveCfg = Debug|Any CPU
		{4C63184F-A9F2-41EA-A277-63E9B90B3092}.Debug|Any CPU.Build.0 = Debug|Any CPU
		{4C63184F-A9F2-41EA-A277-63E9B90B3092}.Release|Any CPU.ActiveCfg = Release|Any CPU
		{4C63184F-A9F2-41EA-A277-63E9B90B3092}.Release|Any CPU.Build.0 = Release|Any CPU
		{99B094A2-6D60-4E13-8610-1800308361A7}.Debug|Any CPU.ActiveCfg = Debug|Any CPU
		{99B094A2-6D60-4E13-8610-1800308361A7}.Debug|Any CPU.Build.0 = Debug|Any CPU
		{99B094A2-6D60-4E13-8610-1800308361A7}.Release|Any CPU.ActiveCfg = Release|Any CPU
		{99B094A2-6D60-4E13-8610-1800308361A7}.Release|Any CPU.Build.0 = Release|Any CPU
	EndGlobalSection
EndGlobal
